
Microsoft Visual Studio Solution File, Format Version 12.00
# Visual Studio Version 16
VisualStudioVersion = 16.0.31205.134
MinimumVisualStudioVersion = 10.0.40219.1
Project("{FAE04EC0-301F-11D3-BF4B-00C04F79EFBC}") = "UserRegistration", "UserRegistration.csproj", "{920A3B58-3879-498C-B8F8-F10FE04A050B}"
EndProject
Global
	GlobalSection(SolutionConfigurationPlatforms) = preSolution
		Debug|Any CPU = Debug|Any CPU
		Release|Any CPU = Release|Any CPU
	EndGlobalSection
	GlobalSection(ProjectConfigurationPlatforms) = postSolution
		{920A3B58-3879-498C-B8F8-F10FE04A050B}.Debug|Any CPU.ActiveCfg = Debug|Any CPU
		{920A3B58-3879-498C-B8F8-F10FE04A050B}.Debug|Any CPU.Build.0 = Debug|Any CPU
		{920A3B58-3879-498C-B8F8-F10FE04A050B}.Release|Any CPU.ActiveCfg = Release|Any CPU
		{920A3B58-3879-498C-B8F8-F10FE04A050B}.Release|Any CPU.Build.0 = Release|Any CPU
	EndGlobalSection
	GlobalSection(SolutionProperties) = preSolution
		HideSolutionNode = FALSE
	EndGlobalSection
	GlobalSection(ExtensibilityGlobals) = postSolution
		SolutionGuid = {8C1E4394-BE55-446F-9027-02E3A2A00FDF}
	EndGlobalSection
EndGlobal
